
Microsoft Visual Studio Solution File, Format Version 12.00
# Visual Studio Version 17
VisualStudioVersion = 17.0.32112.339
MinimumVisualStudioVersion = 10.0.40219.1
Project("{8BC9CEB8-8B4A-11D0-8D11-00A0C91BC942}") = "2018", "..\csgo\2018\2018.vcxproj", "{A437D8C7-EFDA-444A-B941-5CEFCD40C2F6}"
EndProject
Project("{2150E333-8FDC-42A3-9474-1A3956D46DE8}") = "csgo", "csgo", "{5E130539-6C17-4B28-A837-6151171CA47A}"
EndProject
Project("{2150E333-8FDC-42A3-9474-1A3956D46DE8}") = "2018", "2018", "{23AC02E3-040A-4AD6-B907-F272F0BBA826}"
EndProject
Project("{2150E333-8FDC-42A3-9474-1A3956D46DE8}") = "2019", "2019", "{C549D204-83DC-4EE9-AF02-C58565C5286D}"
EndProject
Project("{2150E333-8FDC-42A3-9474-1A3956D46DE8}") = "current", "current", "{CC924BCC-DB39-4C4B-B62E-98F678919296}"
EndProject
Project("{2150E333-8FDC-42A3-9474-1A3956D46DE8}") = "gmod", "gmod", "{37025358-6959-428D-88F6-7F7F62E58F53}"
EndProject
Project("{2150E333-8FDC-42A3-9474-1A3956D46DE8}") = "ps3", "ps3", "{280C12CC-59FD-499B-A975-28DA7E324CD1}"
EndProject
Project("{2150E333-8FDC-42A3-9474-1A3956D46DE8}") = "call of duty", "call of duty", "{F67691F3-E442-4677-8055-66417B62F423}"
EndProject
Project("{2150E333-8FDC-42A3-9474-1A3956D46DE8}") = "ps4", "ps4", "{8DFFDE8F-2E91-456D-8A3C-0FC1D5B8E915}"
EndProject
Project("{2150E333-8FDC-42A3-9474-1A3956D46DE8}") = "ghosts", "ghosts", "{78E4A74F-27C6-4BAE-A34E-8AA9D5A4AB86}"
EndProject
Project("{2150E333-8FDC-42A3-9474-1A3956D46DE8}") = "cod", "cod", "{AAEC7B1C-DC26-44DF-9EC6-DA08F035D01D}"
EndProject
Project("{2150E333-8FDC-42A3-9474-1A3956D46DE8}") = "bo2", "bo2", "{BAA282DB-D0DF-4365-81F9-749FD2F903C4}"
EndProject
Project("{8BC9CEB8-8B4A-11D0-8D11-00A0C91BC942}") = "plutonium", "..\cod\bo2\plutonium\plutonium.vcxproj", "{0BA60E28-FFFD-4BE3-8B21-AE4164AFB0F5}"
EndProject
Global
	GlobalSection(SolutionConfigurationPlatforms) = preSolution
		Beta|x64 = Beta|x64
		Beta|x86 = Beta|x86
		Debug loader|x64 = Debug loader|x64
		Debug loader|x86 = Debug loader|x86
		Debug|x64 = Debug|x64
		Debug|x86 = Debug|x86
		Developer|x64 = Developer|x64
		Developer|x86 = Developer|x86
		Live|x64 = Live|x64
		Live|x86 = Live|x86
		Release|x64 = Release|x64
		Release|x86 = Release|x86
	EndGlobalSection
	GlobalSection(ProjectConfigurationPlatforms) = postSolution
		{A437D8C7-EFDA-444A-B941-5CEFCD40C2F6}.Beta|x64.ActiveCfg = Beta|x64
		{A437D8C7-EFDA-444A-B941-5CEFCD40C2F6}.Beta|x64.Build.0 = Beta|x64
		{A437D8C7-EFDA-444A-B941-5CEFCD40C2F6}.Beta|x86.ActiveCfg = Beta|Win32
		{A437D8C7-EFDA-444A-B941-5CEFCD40C2F6}.Beta|x86.Build.0 = Beta|Win32
		{A437D8C7-EFDA-444A-B941-5CEFCD40C2F6}.Debug loader|x64.ActiveCfg = Debug loader|x64
		{A437D8C7-EFDA-444A-B941-5CEFCD40C2F6}.Debug loader|x64.Build.0 = Debug loader|x64
		{A437D8C7-EFDA-444A-B941-5CEFCD40C2F6}.Debug loader|x86.ActiveCfg = Debug loader|Win32
		{A437D8C7-EFDA-444A-B941-5CEFCD40C2F6}.Debug loader|x86.Build.0 = Debug loader|Win32
		{A437D8C7-EFDA-444A-B941-5CEFCD40C2F6}.Debug|x64.ActiveCfg = Debug loader|x64
		{A437D8C7-EFDA-444A-B941-5CEFCD40C2F6}.Debug|x64.Build.0 = Debug loader|x64
		{A437D8C7-EFDA-444A-B941-5CEFCD40C2F6}.Debug|x86.ActiveCfg = Debug loader|Win32
		{A437D8C7-EFDA-444A-B941-5CEFCD40C2F6}.Debug|x86.Build.0 = Debug loader|Win32
		{A437D8C7-EFDA-444A-B941-5CEFCD40C2F6}.Developer|x64.ActiveCfg = Developer|x64
		{A437D8C7-EFDA-444A-B941-5CEFCD40C2F6}.Developer|x64.Build.0 = Developer|x64
		{A437D8C7-EFDA-444A-B941-5CEFCD40C2F6}.Developer|x86.ActiveCfg = Developer|Win32
		{A437D8C7-EFDA-444A-B941-5CEFCD40C2F6}.Developer|x86.Build.0 = Developer|Win32
		{A437D8C7-EFDA-444A-B941-5CEFCD40C2F6}.Live|x64.ActiveCfg = Stable build|x64
		{A437D8C7-EFDA-444A-B941-5CEFCD40C2F6}.Live|x64.Build.0 = Stable build|x64
		{A437D8C7-EFDA-444A-B941-5CEFCD40C2F6}.Live|x86.ActiveCfg = Stable build|Win32
		{A437D8C7-EFDA-444A-B941-5CEFCD40C2F6}.Live|x86.Build.0 = Stable build|Win32
		{A437D8C7-EFDA-444A-B941-5CEFCD40C2F6}.Release|x64.ActiveCfg = Stable build|x64
		{A437D8C7-EFDA-444A-B941-5CEFCD40C2F6}.Release|x64.Build.0 = Stable build|x64
		{A437D8C7-EFDA-444A-B941-5CEFCD40C2F6}.Release|x86.ActiveCfg = Stable build|Win32
		{A437D8C7-EFDA-444A-B941-5CEFCD40C2F6}.Release|x86.Build.0 = Stable build|Win32
		{0BA60E28-FFFD-4BE3-8B21-AE4164AFB0F5}.Beta|x64.ActiveCfg = Debug|x64
		{0BA60E28-FFFD-4BE3-8B21-AE4164AFB0F5}.Beta|x64.Build.0 = Debug|x64
		{0BA60E28-FFFD-4BE3-8B21-AE4164AFB0F5}.Beta|x86.ActiveCfg = Debug|Win32
		{0BA60E28-FFFD-4BE3-8B21-AE4164AFB0F5}.Beta|x86.Build.0 = Debug|Win32
		{0BA60E28-FFFD-4BE3-8B21-AE4164AFB0F5}.Debug loader|x64.ActiveCfg = Debug|x64
		{0BA60E28-FFFD-4BE3-8B21-AE4164AFB0F5}.Debug loader|x64.Build.0 = Debug|x64
		{0BA60E28-FFFD-4BE3-8B21-AE4164AFB0F5}.Debug loader|x86.ActiveCfg = Debug|Win32
		{0BA60E28-FFFD-4BE3-8B21-AE4164AFB0F5}.Debug loader|x86.Build.0 = Debug|Win32
		{0BA60E28-FFFD-4BE3-8B21-AE4164AFB0F5}.Debug|x64.ActiveCfg = Debug|x64
		{0BA60E28-FFFD-4BE3-8B21-AE4164AFB0F5}.Debug|x64.Build.0 = Debug|x64
		{0BA60E28-FFFD-4BE3-8B21-AE4164AFB0F5}.Debug|x86.ActiveCfg = Debug|Win32
		{0BA60E28-FFFD-4BE3-8B21-AE4164AFB0F5}.Debug|x86.Build.0 = Debug|Win32
		{0BA60E28-FFFD-4BE3-8B21-AE4164AFB0F5}.Developer|x64.ActiveCfg = Debug|x64
		{0BA60E28-FFFD-4BE3-8B21-AE4164AFB0F5}.Developer|x64.Build.0 = Debug|x64
		{0BA60E28-FFFD-4BE3-8B21-AE4164AFB0F5}.Developer|x86.ActiveCfg = Debug|Win32
		{0BA60E28-FFFD-4BE3-8B21-AE4164AFB0F5}.Developer|x86.Build.0 = Debug|Win32
		{0BA60E28-FFFD-4BE3-8B21-AE4164AFB0F5}.Live|x64.ActiveCfg = Debug|x64
		{0BA60E28-FFFD-4BE3-8B21-AE4164AFB0F5}.Live|x64.Build.0 = Debug|x64
		{0BA60E28-FFFD-4BE3-8B21-AE4164AFB0F5}.Live|x86.ActiveCfg = Debug|Win32
		{0BA60E28-FFFD-4BE3-8B21-AE4164AFB0F5}.Live|x86.Build.0 = Debug|Win32
		{0BA60E28-FFFD-4BE3-8B21-AE4164AFB0F5}.Release|x64.ActiveCfg = Release|x64
		{0BA60E28-FFFD-4BE3-8B21-AE4164AFB0F5}.Release|x64.Build.0 = Release|x64
		{0BA60E28-FFFD-4BE3-8B21-AE4164AFB0F5}.Release|x86.ActiveCfg = Release|Win32
		{0BA60E28-FFFD-4BE3-8B21-AE4164AFB0F5}.Release|x86.Build.0 = Release|Win32
	EndGlobalSection
	GlobalSection(SolutionProperties) = preSolution
		HideSolutionNode = FALSE
	EndGlobalSection
	GlobalSection(NestedProjects) = preSolution
		{A437D8C7-EFDA-444A-B941-5CEFCD40C2F6} = {23AC02E3-040A-4AD6-B907-F272F0BBA826}
		{23AC02E3-040A-4AD6-B907-F272F0BBA826} = {5E130539-6C17-4B28-A837-6151171CA47A}
		{C549D204-83DC-4EE9-AF02-C58565C5286D} = {5E130539-6C17-4B28-A837-6151171CA47A}
		{CC924BCC-DB39-4C4B-B62E-98F678919296} = {5E130539-6C17-4B28-A837-6151171CA47A}
		{F67691F3-E442-4677-8055-66417B62F423} = {280C12CC-59FD-499B-A975-28DA7E324CD1}
		{78E4A74F-27C6-4BAE-A34E-8AA9D5A4AB86} = {F67691F3-E442-4677-8055-66417B62F423}
		{BAA282DB-D0DF-4365-81F9-749FD2F903C4} = {AAEC7B1C-DC26-44DF-9EC6-DA08F035D01D}
		{0BA60E28-FFFD-4BE3-8B21-AE4164AFB0F5} = {BAA282DB-D0DF-4365-81F9-749FD2F903C4}
	EndGlobalSection
	GlobalSection(ExtensibilityGlobals) = postSolution
		SolutionGuid = {8715B7F7-9E7E-4C02-A5FE-044928459087}
	EndGlobalSection
EndGlobal
