
Microsoft Visual Studio Solution File, Format Version 11.00
# Visual Studio 2010
Project("{8BC9CEB8-8B4A-11D0-8D11-00A0C91BC942}") = "Ghosts_RetroClient", "Ghosts_RetroClient\Ghosts_RetroClient.vcxproj", "{C10CF73F-F4D2-47E7-923A-0D1C58A2311A}"
EndProject
Global
	GlobalSection(SolutionConfigurationPlatforms) = preSolution
		Debug|PS3 = Debug|PS3
		Release|PS3 = Release|PS3
	EndGlobalSection
	GlobalSection(ProjectConfigurationPlatforms) = postSolution
		{C10CF73F-F4D2-47E7-923A-0D1C58A2311A}.Debug|PS3.ActiveCfg = Debug|PS3
		{C10CF73F-F4D2-47E7-923A-0D1C58A2311A}.Debug|PS3.Build.0 = Debug|PS3
		{C10CF73F-F4D2-47E7-923A-0D1C58A2311A}.Release|PS3.ActiveCfg = Release|PS3
		{C10CF73F-F4D2-47E7-923A-0D1C58A2311A}.Release|PS3.Build.0 = Release|PS3
	EndGlobalSection
	GlobalSection(SolutionProperties) = preSolution
		HideSolutionNode = FALSE
	EndGlobalSection
EndGlobal
